
Microsoft Visual Studio Solution File, Format Version 12.00
# Visual Studio Version 18
VisualStudioVersion = 18.0.11111.16 d18.0
MinimumVisualStudioVersion = 10.0.40219.1
Project("{FAE04EC0-301F-11D3-BF4B-00C04F79EFBC}") = "Polyglotte.API", "Polyglotte.API\Polyglotte.API.csproj", "{CE7D618C-D029-429E-A204-B3B1528D06DC}"
EndProject
Project("{FAE04EC0-301F-11D3-BF4B-00C04F79EFBC}") = "Polyglotte.Domain", "Polyglotte.Domain\Polyglotte.Domain.csproj", "{4125CC2B-61F4-41A2-8F20-536E7C2BE37A}"
EndProject
Project("{FAE04EC0-301F-11D3-BF4B-00C04F79EFBC}") = "Polyglotte.Application", "Polyglotte.Application\Polyglotte.Application.csproj", "{FFCD3EF8-6402-4591-B0AE-76F721EB95A1}"
EndProject
Project("{FAE04EC0-301F-11D3-BF4B-00C04F79EFBC}") = "Polyglotte.Infrastructure", "Polyglotte.Infrastructure\Polyglotte.Infrastructure.csproj", "{64F074DB-B04B-453B-9FBE-52376D994170}"
EndProject
Project("{2150E333-8FDC-42A3-9474-1A3956D46DE8}") = ".github", ".github", "{02EA681E-C7D8-13C7-8484-4AC65E1B71E8}"
	ProjectSection(SolutionItems) = preProject
		copilot-instructions.md = copilot-instructions.md
	EndProjectSection
EndProject
Project("{FAE04EC0-301F-11D3-BF4B-00C04F79EFBC}") = "Polyglotte.Application.Tests", "Polyglotte.Application.Tests\Polyglotte.Application.Tests.csproj", "{9814040A-9960-4BAA-84E0-16542F4ECF58}"
EndProject
Project("{FAE04EC0-301F-11D3-BF4B-00C04F79EFBC}") = "Polyglotte.Domain.Tests", "Polyglotte.Domain.Tests\Polyglotte.Domain.Tests.csproj", "{FF9AFC50-A733-4E7B-80CA-AAE84289118B}"
EndProject
Project("{FAE04EC0-301F-11D3-BF4B-00C04F79EFBC}") = "Polyglotte.API.Tests", "Polyglotte.API.Tests\Polyglotte.API.Tests.csproj", "{CF2EB6AB-06C8-4BFE-8431-B30A1298460A}"
EndProject
Project("{FAE04EC0-301F-11D3-BF4B-00C04F79EFBC}") = "Polyglotte.Infrastructure.Tests", "Polyglotte.Infrastructure.Tests\Polyglotte.Infrastructure.Tests.csproj", "{1A38FD90-68B9-4C56-B9E7-F5E7AC178B27}"
EndProject
Global
	GlobalSection(SolutionConfigurationPlatforms) = preSolution
		Debug|Any CPU = Debug|Any CPU
		Release|Any CPU = Release|Any CPU
	EndGlobalSection
	GlobalSection(ProjectConfigurationPlatforms) = postSolution
		{CE7D618C-D029-429E-A204-B3B1528D06DC}.Debug|Any CPU.ActiveCfg = Debug|Any CPU
		{CE7D618C-D029-429E-A204-B3B1528D06DC}.Debug|Any CPU.Build.0 = Debug|Any CPU
		{CE7D618C-D029-429E-A204-B3B1528D06DC}.Release|Any CPU.ActiveCfg = Release|Any CPU
		{CE7D618C-D029-429E-A204-B3B1528D06DC}.Release|Any CPU.Build.0 = Release|Any CPU
		{4125CC2B-61F4-41A2-8F20-536E7C2BE37A}.Debug|Any CPU.ActiveCfg = Debug|Any CPU
		{4125CC2B-61F4-41A2-8F20-536E7C2BE37A}.Debug|Any CPU.Build.0 = Debug|Any CPU
		{4125CC2B-61F4-41A2-8F20-536E7C2BE37A}.Release|Any CPU.ActiveCfg = Release|Any CPU
		{4125CC2B-61F4-41A2-8F20-536E7C2BE37A}.Release|Any CPU.Build.0 = Release|Any CPU
		{FFCD3EF8-6402-4591-B0AE-76F721EB95A1}.Debug|Any CPU.ActiveCfg = Debug|Any CPU
		{FFCD3EF8-6402-4591-B0AE-76F721EB95A1}.Debug|Any CPU.Build.0 = Debug|Any CPU
		{FFCD3EF8-6402-4591-B0AE-76F721EB95A1}.Release|Any CPU.ActiveCfg = Release|Any CPU
		{FFCD3EF8-6402-4591-B0AE-76F721EB95A1}.Release|Any CPU.Build.0 = Release|Any CPU
		{64F074DB-B04B-453B-9FBE-52376D994170}.Debug|Any CPU.ActiveCfg = Debug|Any CPU
		{64F074DB-B04B-453B-9FBE-52376D994170}.Debug|Any CPU.Build.0 = Debug|Any CPU
		{64F074DB-B04B-453B-9FBE-52376D994170}.Release|Any CPU.ActiveCfg = Release|Any CPU
		{64F074DB-B04B-453B-9FBE-52376D994170}.Release|Any CPU.Build.0 = Release|Any CPU
		{9814040A-9960-4BAA-84E0-16542F4ECF58}.Debug|Any CPU.ActiveCfg = Debug|Any CPU
		{9814040A-9960-4BAA-84E0-16542F4ECF58}.Debug|Any CPU.Build.0 = Debug|Any CPU
		{9814040A-9960-4BAA-84E0-16542F4ECF58}.Release|Any CPU.ActiveCfg = Release|Any CPU
		{9814040A-9960-4BAA-84E0-16542F4ECF58}.Release|Any CPU.Build.0 = Release|Any CPU
		{FF9AFC50-A733-4E7B-80CA-AAE84289118B}.Debug|Any CPU.ActiveCfg = Debug|Any CPU
		{FF9AFC50-A733-4E7B-80CA-AAE84289118B}.Debug|Any CPU.Build.0 = Debug|Any CPU
		{FF9AFC50-A733-4E7B-80CA-AAE84289118B}.Release|Any CPU.ActiveCfg = Release|Any CPU
		{FF9AFC50-A733-4E7B-80CA-AAE84289118B}.Release|Any CPU.Build.0 = Release|Any CPU
		{CF2EB6AB-06C8-4BFE-8431-B30A1298460A}.Debug|Any CPU.ActiveCfg = Debug|Any CPU
		{CF2EB6AB-06C8-4BFE-8431-B30A1298460A}.Debug|Any CPU.Build.0 = Debug|Any CPU
		{CF2EB6AB-06C8-4BFE-8431-B30A1298460A}.Release|Any CPU.ActiveCfg = Release|Any CPU
		{CF2EB6AB-06C8-4BFE-8431-B30A1298460A}.Release|Any CPU.Build.0 = Release|Any CPU
		{1A38FD90-68B9-4C56-B9E7-F5E7AC178B27}.Debug|Any CPU.ActiveCfg = Debug|Any CPU
		{1A38FD90-68B9-4C56-B9E7-F5E7AC178B27}.Debug|Any CPU.Build.0 = Debug|Any CPU
		{1A38FD90-68B9-4C56-B9E7-F5E7AC178B27}.Release|Any CPU.ActiveCfg = Release|Any CPU
		{1A38FD90-68B9-4C56-B9E7-F5E7AC178B27}.Release|Any CPU.Build.0 = Release|Any CPU
	EndGlobalSection
	GlobalSection(SolutionProperties) = preSolution
		HideSolutionNode = FALSE
	EndGlobalSection
	GlobalSection(ExtensibilityGlobals) = postSolution
		SolutionGuid = {B63B2703-EE3D-4B39-B7E5-2117E51E9297}
	EndGlobalSection
EndGlobal
